
Microsoft Visual Studio Solution File, Format Version 12.00
# Visual Studio 14
VisualStudioVersion = 14.0.25420.1
MinimumVisualStudioVersion = 10.0.40219.1
Project("{FAE04EC0-301F-11D3-BF4B-00C04F79EFBC}") = "ProductDemoApplication", "ProductDemoApplication\ProductDemoApplication.csproj", "{F7E6D9DD-A6FA-4500-A693-815FA403F508}"
EndProject
Project("{FAE04EC0-301F-11D3-BF4B-00C04F79EFBC}") = "ProductDemoApplication.Tests", "ProductDemoApplication.Tests\ProductDemoApplication.Tests.csproj", "{417B94C9-0602-496B-95EA-B40E201C14F8}"
EndProject
Global
	GlobalSection(SolutionConfigurationPlatforms) = preSolution
		Debug|Any CPU = Debug|Any CPU
		Release|Any CPU = Release|Any CPU
	EndGlobalSection
	GlobalSection(ProjectConfigurationPlatforms) = postSolution
		{F7E6D9DD-A6FA-4500-A693-815FA403F508}.Debug|Any CPU.ActiveCfg = Debug|Any CPU
		{F7E6D9DD-A6FA-4500-A693-815FA403F508}.Debug|Any CPU.Build.0 = Debug|Any CPU
		{F7E6D9DD-A6FA-4500-A693-815FA403F508}.Release|Any CPU.ActiveCfg = Release|Any CPU
		{F7E6D9DD-A6FA-4500-A693-815FA403F508}.Release|Any CPU.Build.0 = Release|Any CPU
		{417B94C9-0602-496B-95EA-B40E201C14F8}.Debug|Any CPU.ActiveCfg = Debug|Any CPU
		{417B94C9-0602-496B-95EA-B40E201C14F8}.Debug|Any CPU.Build.0 = Debug|Any CPU
		{417B94C9-0602-496B-95EA-B40E201C14F8}.Release|Any CPU.ActiveCfg = Release|Any CPU
		{417B94C9-0602-496B-95EA-B40E201C14F8}.Release|Any CPU.Build.0 = Release|Any CPU
	EndGlobalSection
	GlobalSection(SolutionProperties) = preSolution
		HideSolutionNode = FALSE
	EndGlobalSection
EndGlobal
